
Microsoft Visual Studio Solution File, Format Version 12.00
# Visual Studio Version 17
VisualStudioVersion = 17.11.35312.102
MinimumVisualStudioVersion = 10.0.40219.1
Project("{9A19103F-16F7-4668-BE54-9A1E7A4F7556}") = "Lemon.Toolkit", "Lemon.Toolkit.Comparer\Lemon.Toolkit.csproj", "{76607658-FF98-4CCA-909D-EA060F0D64F2}"
EndProject
Global
	GlobalSection(SolutionConfigurationPlatforms) = preSolution
		Debug|Any CPU = Debug|Any CPU
		Release|Any CPU = Release|Any CPU
	EndGlobalSection
	GlobalSection(ProjectConfigurationPlatforms) = postSolution
		{76607658-FF98-4CCA-909D-EA060F0D64F2}.Debug|Any CPU.ActiveCfg = Debug|Any CPU
		{76607658-FF98-4CCA-909D-EA060F0D64F2}.Debug|Any CPU.Build.0 = Debug|Any CPU
		{76607658-FF98-4CCA-909D-EA060F0D64F2}.Release|Any CPU.ActiveCfg = Release|Any CPU
		{76607658-FF98-4CCA-909D-EA060F0D64F2}.Release|Any CPU.Build.0 = Release|Any CPU
	EndGlobalSection
	GlobalSection(SolutionProperties) = preSolution
		HideSolutionNode = FALSE
	EndGlobalSection
	GlobalSection(ExtensibilityGlobals) = postSolution
		SolutionGuid = {D8F466EB-6501-49CC-94ED-77E9348E1831}
	EndGlobalSection
EndGlobal
